// !$*UTF8*$!
{
	archiveVersion = 1;
	classes = {
	};
	objectVersion = 51;
	objects = {

/* Begin PBXBuildFile section */
		15854D42B33C2040BA7DFDD6 /* Pods_Parstagram.framework in Frameworks */ = {isa = PBXBuildFile; fileRef = D8ABF8CA21FC515585B824AD /* Pods_Parstagram.framework */; };
		3A6E7F69EC2A3BF1D7AF316C /* Pods_Parstagram_ParstagramUITests.framework in Frameworks */ = {isa = PBXBuildFile; fileRef = 3908845EE7DD618C9D895D49 /* Pods_Parstagram_ParstagramUITests.framework */; };
		9E321D1425FB1635002EA409 /* AppDelegate.swift in Sources */ = {isa = PBXBuildFile; fileRef = 9E321D1325FB1635002EA409 /* AppDelegate.swift */; };
		9E321D1625FB1635002EA409 /* SceneDelegate.swift in Sources */ = {isa = PBXBuildFile; fileRef = 9E321D1525FB1635002EA409 /* SceneDelegate.swift */; };
		9E321D1B25FB1635002EA409 /* Main.storyboard in Resources */ = {isa = PBXBuildFile; fileRef = 9E321D1925FB1635002EA409 /* Main.storyboard */; };
		9E321D1D25FB1637002EA409 /* Assets.xcassets in Resources */ = {isa = PBXBuildFile; fileRef = 9E321D1C25FB1637002EA409 /* Assets.xcassets */; };
		9E321D2025FB1637002EA409 /* LaunchScreen.storyboard in Resources */ = {isa = PBXBuildFile; fileRef = 9E321D1E25FB1637002EA409 /* LaunchScreen.storyboard */; };
		9E321D2B25FB1637002EA409 /* ParstagramTests.swift in Sources */ = {isa = PBXBuildFile; fileRef = 9E321D2A25FB1637002EA409 /* ParstagramTests.swift */; };
		9E321D3625FB1638002EA409 /* ParstagramUITests.swift in Sources */ = {isa = PBXBuildFile; fileRef = 9E321D3525FB1638002EA409 /* ParstagramUITests.swift */; };
		9E321D4A25FB17B7002EA409 /* LoginViewController.swift in Sources */ = {isa = PBXBuildFile; fileRef = 9E321D4925FB17B7002EA409 /* LoginViewController.swift */; };
		9E321D4F25FB17C0002EA409 /* FeedViewController.swift in Sources */ = {isa = PBXBuildFile; fileRef = 9E321D4E25FB17C0002EA409 /* FeedViewController.swift */; };
		9ED430E225FB41DD00693E03 /* PostTableViewCell.swift in Sources */ = {isa = PBXBuildFile; fileRef = 9ED430E125FB41DD00693E03 /* PostTableViewCell.swift */; };
		9EE72BEB25FB379100A36C81 /* CameraViewController.swift in Sources */ = {isa = PBXBuildFile; fileRef = 9EE72BEA25FB379100A36C81 /* CameraViewController.swift */; };
		A3F19F2C9AE5DE562A77E1BA /* Pods_ParstagramTests.framework in Frameworks */ = {isa = PBXBuildFile; fileRef = 0134272C5E972372613155CE /* Pods_ParstagramTests.framework */; };
/* End PBXBuildFile section */

/* Begin PBXContainerItemProxy section */
		9E321D2725FB1637002EA409 /* PBXContainerItemProxy */ = {
			isa = PBXContainerItemProxy;
			containerPortal = 9E321D0825FB1635002EA409 /* Project object */;
			proxyType = 1;
			remoteGlobalIDString = 9E321D0F25FB1635002EA409;
			remoteInfo = Parstagram;
		};
		9E321D3225FB1637002EA409 /* PBXContainerItemProxy */ = {
			isa = PBXContainerItemProxy;
			containerPortal = 9E321D0825FB1635002EA409 /* Project object */;
			proxyType = 1;
			remoteGlobalIDString = 9E321D0F25FB1635002EA409;
			remoteInfo = Parstagram;
		};
/* End PBXContainerItemProxy section */

/* Begin PBXFileReference section */
		0134272C5E972372613155CE /* Pods_ParstagramTests.framework */ = {isa = PBXFileReference; explicitFileType = wrapper.framework; includeInIndex = 0; path = Pods_ParstagramTests.framework; sourceTree = BUILT_PRODUCTS_DIR; };
		18DFF18CE521E87CFA1F6CC4 /* Pods-Parstagram-ParstagramUITests.debug.xcconfig */ = {isa = PBXFileReference; includeInIndex = 1; lastKnownFileType = text.xcconfig; name = "Pods-Parstagram-ParstagramUITests.debug.xcconfig"; path = "Target Support Files/Pods-Parstagram-ParstagramUITests/Pods-Parstagram-ParstagramUITests.debug.xcconfig"; sourceTree = "<group>"; };
		3908845EE7DD618C9D895D49 /* Pods_Parstagram_ParstagramUITests.framework */ = {isa = PBXFileReference; explicitFileType = wrapper.framework; includeInIndex = 0; path = Pods_Parstagram_ParstagramUITests.framework; sourceTree = BUILT_PRODUCTS_DIR; };
		5E042B71D09F083C03F35CDC /* Pods-ParstagramTests.debug.xcconfig */ = {isa = PBXFileReference; includeInIndex = 1; lastKnownFileType = text.xcconfig; name = "Pods-ParstagramTests.debug.xcconfig"; path = "Target Support Files/Pods-ParstagramTests/Pods-ParstagramTests.debug.xcconfig"; sourceTree = "<group>"; };
		64FD4B4EDE5578708645E9BA /* Pods-ParstagramTests.release.xcconfig */ = {isa = PBXFileReference; includeInIndex = 1; lastKnownFileType = text.xcconfig; name = "Pods-ParstagramTests.release.xcconfig"; path = "Target Support Files/Pods-ParstagramTests/Pods-ParstagramTests.release.xcconfig"; sourceTree = "<group>"; };
		7F8D6304AAE2A35290672A24 /* Pods-Parstagram-ParstagramUITests.release.xcconfig */ = {isa = PBXFileReference; includeInIndex = 1; lastKnownFileType = text.xcconfig; name = "Pods-Parstagram-ParstagramUITests.release.xcconfig"; path = "Target Support Files/Pods-Parstagram-ParstagramUITests/Pods-Parstagram-ParstagramUITests.release.xcconfig"; sourceTree = "<group>"; };
		9E321D1025FB1635002EA409 /* Parstagram.app */ = {isa = PBXFileReference; explicitFileType = wrapper.application; includeInIndex = 0; path = Parstagram.app; sourceTree = BUILT_PRODUCTS_DIR; };
		9E321D1325FB1635002EA409 /* AppDelegate.swift */ = {isa = PBXFileReference; lastKnownFileType = sourcecode.swift; path = AppDelegate.swift; sourceTree = "<group>"; };
		9E321D1525FB1635002EA409 /* SceneDelegate.swift */ = {isa = PBXFileReference; lastKnownFileType = sourcecode.swift; path = SceneDelegate.swift; sourceTree = "<group>"; };
		9E321D1A25FB1635002EA409 /* Base */ = {isa = PBXFileReference; lastKnownFileType = file.storyboard; name = Base; path = Base.lproj/Main.storyboard; sourceTree = "<group>"; };
		9E321D1C25FB1637002EA409 /* Assets.xcassets */ = {isa = PBXFileReference; lastKnownFileType = folder.assetcatalog; path = Assets.xcassets; sourceTree = "<group>"; };
		9E321D1F25FB1637002EA409 /* Base */ = {isa = PBXFileReference; lastKnownFileType = file.storyboard; name = Base; path = Base.lproj/LaunchScreen.storyboard; sourceTree = "<group>"; };
		9E321D2125FB1637002EA409 /* Info.plist */ = {isa = PBXFileReference; lastKnownFileType = text.plist.xml; path = Info.plist; sourceTree = "<group>"; };
		9E321D2625FB1637002EA409 /* ParstagramTests.xctest */ = {isa = PBXFileReference; explicitFileType = wrapper.cfbundle; includeInIndex = 0; path = ParstagramTests.xctest; sourceTree = BUILT_PRODUCTS_DIR; };
		9E321D2A25FB1637002EA409 /* ParstagramTests.swift */ = {isa = PBXFileReference; lastKnownFileType = sourcecode.swift; path = ParstagramTests.swift; sourceTree = "<group>"; };
		9E321D2C25FB1637002EA409 /* Info.plist */ = {isa = PBXFileReference; lastKnownFileType = text.plist.xml; path = Info.plist; sourceTree = "<group>"; };
		9E321D3125FB1637002EA409 /* ParstagramUITests.xctest */ = {isa = PBXFileReference; explicitFileType = wrapper.cfbundle; includeInIndex = 0; path = ParstagramUITests.xctest; sourceTree = BUILT_PRODUCTS_DIR; };
		9E321D3525FB1638002EA409 /* ParstagramUITests.swift */ = {isa = PBXFileReference; lastKnownFileType = sourcecode.swift; path = ParstagramUITests.swift; sourceTree = "<group>"; };
		9E321D3725FB1638002EA409 /* Info.plist */ = {isa = PBXFileReference; lastKnownFileType = text.plist.xml; path = Info.plist; sourceTree = "<group>"; };
		9E321D4925FB17B7002EA409 /* LoginViewController.swift */ = {isa = PBXFileReference; lastKnownFileType = sourcecode.swift; path = LoginViewController.swift; sourceTree = "<group>"; };
		9E321D4E25FB17C0002EA409 /* FeedViewController.swift */ = {isa = PBXFileReference; lastKnownFileType = sourcecode.swift; path = FeedViewController.swift; sourceTree = "<group>"; };
		9ED430E125FB41DD00693E03 /* PostTableViewCell.swift */ = {isa = PBXFileReference; lastKnownFileType = sourcecode.swift; path = PostTableViewCell.swift; sourceTree = "<group>"; };
		9EE72BEA25FB379100A36C81 /* CameraViewController.swift */ = {isa = PBXFileReference; lastKnownFileType = sourcecode.swift; path = CameraViewController.swift; sourceTree = "<group>"; };
		AED8AF7B015515AD28EAEA24 /* Pods-Parstagram.release.xcconfig */ = {isa = PBXFileReference; includeInIndex = 1; lastKnownFileType = text.xcconfig; name = "Pods-Parstagram.release.xcconfig"; path = "Target Support Files/Pods-Parstagram/Pods-Parstagram.release.xcconfig"; sourceTree = "<group>"; };
		D646E935008C575C5F7D0E11 /* Pods-Parstagram.debug.xcconfig */ = {isa = PBXFileReference; includeInIndex = 1; lastKnownFileType = text.xcconfig; name = "Pods-Parstagram.debug.xcconfig"; path = "Target Support Files/Pods-Parstagram/Pods-Parstagram.debug.xcconfig"; sourceTree = "<group>"; };
		D8ABF8CA21FC515585B824AD /* Pods_Parstagram.framework */ = {isa = PBXFileReference; explicitFileType = wrapper.framework; includeInIndex = 0; path = Pods_Parstagram.framework; sourceTree = BUILT_PRODUCTS_DIR; };
/* End PBXFileReference section */

/* Begin PBXFrameworksBuildPhase section */
		9E321D0D25FB1635002EA409 /* Frameworks */ = {
			isa = PBXFrameworksBuildPhase;
			buildActionMask = 2147483647;
			files = (
				15854D42B33C2040BA7DFDD6 /* Pods_Parstagram.framework in Frameworks */,
			);
			runOnlyForDeploymentPostprocessing = 0;
		};
		9E321D2325FB1637002EA409 /* Frameworks */ = {
			isa = PBXFrameworksBuildPhase;
			buildActionMask = 2147483647;
			files = (
				A3F19F2C9AE5DE562A77E1BA /* Pods_ParstagramTests.framework in Frameworks */,
			);
			runOnlyForDeploymentPostprocessing = 0;
		};
		9E321D2E25FB1637002EA409 /* Frameworks */ = {
			isa = PBXFrameworksBuildPhase;
			buildActionMask = 2147483647;
			files = (
				3A6E7F69EC2A3BF1D7AF316C /* Pods_Parstagram_ParstagramUITests.framework in Frameworks */,
			);
			runOnlyForDeploymentPostprocessing = 0;
		};
/* End PBXFrameworksBuildPhase section */

/* Begin PBXGroup section */
		171E1053EB9186E52FA4CFD1 /* Pods */ = {
			isa = PBXGroup;
			children = (
				D646E935008C575C5F7D0E11 /* Pods-Parstagram.debug.xcconfig */,
				AED8AF7B015515AD28EAEA24 /* Pods-Parstagram.release.xcconfig */,
				18DFF18CE521E87CFA1F6CC4 /* Pods-Parstagram-ParstagramUITests.debug.xcconfig */,
				7F8D6304AAE2A35290672A24 /* Pods-Parstagram-ParstagramUITests.release.xcconfig */,
				5E042B71D09F083C03F35CDC /* Pods-ParstagramTests.debug.xcconfig */,
				64FD4B4EDE5578708645E9BA /* Pods-ParstagramTests.release.xcconfig */,
			);
			path = Pods;
			sourceTree = "<group>";
		};
		9E321D0725FB1635002EA409 = {
			isa = PBXGroup;
			children = (
				9E321D1225FB1635002EA409 /* Parstagram */,
				9E321D2925FB1637002EA409 /* ParstagramTests */,
				9E321D3425FB1637002EA409 /* ParstagramUITests */,
				9E321D1125FB1635002EA409 /* Products */,
				171E1053EB9186E52FA4CFD1 /* Pods */,
				B3BFE92463220F9A885A9747 /* Frameworks */,
			);
			sourceTree = "<group>";
		};
		9E321D1125FB1635002EA409 /* Products */ = {
			isa = PBXGroup;
			children = (
				9E321D1025FB1635002EA409 /* Parstagram.app */,
				9E321D2625FB1637002EA409 /* ParstagramTests.xctest */,
				9E321D3125FB1637002EA409 /* ParstagramUITests.xctest */,
			);
			name = Products;
			sourceTree = "<group>";
		};
		9E321D1225FB1635002EA409 /* Parstagram */ = {
			isa = PBXGroup;
			children = (
				9E321D1325FB1635002EA409 /* AppDelegate.swift */,
				9E321D1525FB1635002EA409 /* SceneDelegate.swift */,
				9E321D1925FB1635002EA409 /* Main.storyboard */,
				9E321D1C25FB1637002EA409 /* Assets.xcassets */,
				9E321D1E25FB1637002EA409 /* LaunchScreen.storyboard */,
				9E321D2125FB1637002EA409 /* Info.plist */,
				9E321D4925FB17B7002EA409 /* LoginViewController.swift */,
				9E321D4E25FB17C0002EA409 /* FeedViewController.swift */,
				9EE72BEA25FB379100A36C81 /* CameraViewController.swift */,
				9ED430E125FB41DD00693E03 /* PostTableViewCell.swift */,
			);
			path = Parstagram;
			sourceTree = "<group>";
		};
		9E321D2925FB1637002EA409 /* ParstagramTests */ = {
			isa = PBXGroup;
			children = (
				9E321D2A25FB1637002EA409 /* ParstagramTests.swift */,
				9E321D2C25FB1637002EA409 /* Info.plist */,
			);
			path = ParstagramTests;
			sourceTree = "<group>";
		};
		9E321D3425FB1637002EA409 /* ParstagramUITests */ = {
			isa = PBXGroup;
			children = (
				9E321D3525FB1638002EA409 /* ParstagramUITests.swift */,
				9E321D3725FB1638002EA409 /* Info.plist */,
			);
			path = ParstagramUITests;
			sourceTree = "<group>";
		};
		B3BFE92463220F9A885A9747 /* Frameworks */ = {
			isa = PBXGroup;
			children = (
				D8ABF8CA21FC515585B824AD /* Pods_Parstagram.framework */,
				3908845EE7DD618C9D895D49 /* Pods_Parstagram_ParstagramUITests.framework */,
				0134272C5E972372613155CE /* Pods_ParstagramTests.framework */,
			);
			name = Frameworks;
			sourceTree = "<group>";
		};
/* End PBXGroup section */

/* Begin PBXNativeTarget section */
		9E321D0F25FB1635002EA409 /* Parstagram */ = {
			isa = PBXNativeTarget;
			buildConfigurationList = 9E321D3A25FB1638002EA409 /* Build configuration list for PBXNativeTarget "Parstagram" */;
			buildPhases = (
				846251450EF19ECCE45CB740 /* [CP] Check Pods Manifest.lock */,
				9E321D0C25FB1635002EA409 /* Sources */,
				9E321D0D25FB1635002EA409 /* Frameworks */,
				9E321D0E25FB1635002EA409 /* Resources */,
				6DE675C4E0F620BF2E22365E /* [CP] Embed Pods Frameworks */,
			);
			buildRules = (
			);
			dependencies = (
			);
			name = Parstagram;
			productName = Parstagram;
			productReference = 9E321D1025FB1635002EA409 /* Parstagram.app */;
			productType = "com.apple.product-type.application";
		};
		9E321D2525FB1637002EA409 /* ParstagramTests */ = {
			isa = PBXNativeTarget;
			buildConfigurationList = 9E321D3D25FB1638002EA409 /* Build configuration list for PBXNativeTarget "ParstagramTests" */;
			buildPhases = (
				C7358F41689402546EAE7B4D /* [CP] Check Pods Manifest.lock */,
				9E321D2225FB1637002EA409 /* Sources */,
				9E321D2325FB1637002EA409 /* Frameworks */,
				9E321D2425FB1637002EA409 /* Resources */,
			);
			buildRules = (
			);
			dependencies = (
				9E321D2825FB1637002EA409 /* PBXTargetDependency */,
			);
			name = ParstagramTests;
			productName = ParstagramTests;
			productReference = 9E321D2625FB1637002EA409 /* ParstagramTests.xctest */;
			productType = "com.apple.product-type.bundle.unit-test";
		};
		9E321D3025FB1637002EA409 /* ParstagramUITests */ = {
			isa = PBXNativeTarget;
			buildConfigurationList = 9E321D4025FB1638002EA409 /* Build configuration list for PBXNativeTarget "ParstagramUITests" */;
			buildPhases = (
				F5BC7E3DAA3A0226D23FD002 /* [CP] Check Pods Manifest.lock */,
				9E321D2D25FB1637002EA409 /* Sources */,
				9E321D2E25FB1637002EA409 /* Frameworks */,
				9E321D2F25FB1637002EA409 /* Resources */,
				EE27050B892FF81FC87B6845 /* [CP] Embed Pods Frameworks */,
			);
			buildRules = (
			);
			dependencies = (
				9E321D3325FB1637002EA409 /* PBXTargetDependency */,
			);
			name = ParstagramUITests;
			productName = ParstagramUITests;
			productReference = 9E321D3125FB1637002EA409 /* ParstagramUITests.xctest */;
			productType = "com.apple.product-type.bundle.ui-testing";
		};
/* End PBXNativeTarget section */

/* Begin PBXProject section */
		9E321D0825FB1635002EA409 /* Project object */ = {
			isa = PBXProject;
			attributes = {
				LastSwiftUpdateCheck = 1230;
				LastUpgradeCheck = 1230;
				TargetAttributes = {
					9E321D0F25FB1635002EA409 = {
						CreatedOnToolsVersion = 12.3;
					};
					9E321D2525FB1637002EA409 = {
						CreatedOnToolsVersion = 12.3;
						TestTargetID = 9E321D0F25FB1635002EA409;
					};
					9E321D3025FB1637002EA409 = {
						CreatedOnToolsVersion = 12.3;
						TestTargetID = 9E321D0F25FB1635002EA409;
					};
				};
			};
			buildConfigurationList = 9E321D0B25FB1635002EA409 /* Build configuration list for PBXProject "Parstagram" */;
			compatibilityVersion = "Xcode 9.3";
			developmentRegion = en;
			hasScannedForEncodings = 0;
			knownRegions = (
				en,
				Base,
			);
			mainGroup = 9E321D0725FB1635002EA409;
			productRefGroup = 9E321D1125FB1635002EA409 /* Products */;
			projectDirPath = "";
			projectRoot = "";
			targets = (
				9E321D0F25FB1635002EA409 /* Parstagram */,
				9E321D2525FB1637002EA409 /* ParstagramTests */,
				9E321D3025FB1637002EA409 /* ParstagramUITests */,
			);
		};
/* End PBXProject section */

/* Begin PBXResourcesBuildPhase section */
		9E321D0E25FB1635002EA409 /* Resources */ = {
			isa = PBXResourcesBuildPhase;
			buildActionMask = 2147483647;
			files = (
				9E321D2025FB1637002EA409 /* LaunchScreen.storyboard in Resources */,
				9E321D1D25FB1637002EA409 /* Assets.xcassets in Resources */,
				9E321D1B25FB1635002EA409 /* Main.storyboard in Resources */,
			);
			runOnlyForDeploymentPostprocessing = 0;
		};
		9E321D2425FB1637002EA409 /* Resources */ = {
			isa = PBXResourcesBuildPhase;
			buildActionMask = 2147483647;
			files = (
			);
			runOnlyForDeploymentPostprocessing = 0;
		};
		9E321D2F25FB1637002EA409 /* Resources */ = {
			isa = PBXResourcesBuildPhase;
			buildActionMask = 2147483647;
			files = (
			);
			runOnlyForDeploymentPostprocessing = 0;
		};
/* End PBXResourcesBuildPhase section */

/* Begin PBXShellScriptBuildPhase section */
		6DE675C4E0F620BF2E22365E /* [CP] Embed Pods Frameworks */ = {
			isa = PBXShellScriptBuildPhase;
			buildActionMask = 2147483647;
			files = (
			);
			inputFileListPaths = (
				"${PODS_ROOT}/Target Support Files/Pods-Parstagram/Pods-Parstagram-frameworks-${CONFIGURATION}-input-files.xcfilelist",
			);
			name = "[CP] Embed Pods Frameworks";
			outputFileListPaths = (
				"${PODS_ROOT}/Target Support Files/Pods-Parstagram/Pods-Parstagram-frameworks-${CONFIGURATION}-output-files.xcfilelist",
			);
			runOnlyForDeploymentPostprocessing = 0;
			shellPath = /bin/sh;
			shellScript = "\"${PODS_ROOT}/Target Support Files/Pods-Parstagram/Pods-Parstagram-frameworks.sh\"\n";
			showEnvVarsInLog = 0;
		};
		846251450EF19ECCE45CB740 /* [CP] Check Pods Manifest.lock */ = {
			isa = PBXShellScriptBuildPhase;
			buildActionMask = 2147483647;
			files = (
			);
			inputFileListPaths = (
			);
			inputPaths = (
				"${PODS_PODFILE_DIR_PATH}/Podfile.lock",
				"${PODS_ROOT}/Manifest.lock",
			);
			name = "[CP] Check Pods Manifest.lock";
			outputFileListPaths = (
			);
			outputPaths = (
				"$(DERIVED_FILE_DIR)/Pods-Parstagram-checkManifestLockResult.txt",
			);
			runOnlyForDeploymentPostprocessing = 0;
			shellPath = /bin/sh;
			shellScript = "diff \"${PODS_PODFILE_DIR_PATH}/Podfile.lock\" \"${PODS_ROOT}/Manifest.lock\" > /dev/null\nif [ $? != 0 ] ; then\n    # print error to STDERR\n    echo \"error: The sandbox is not in sync with the Podfile.lock. Run 'pod install' or update your CocoaPods installation.\" >&2\n    exit 1\nfi\n# This output is used by Xcode 'outputs' to avoid re-running this script phase.\necho \"SUCCESS\" > \"${SCRIPT_OUTPUT_FILE_0}\"\n";
			showEnvVarsInLog = 0;
		};
		C7358F41689402546EAE7B4D /* [CP] Check Pods Manifest.lock */ = {
			isa = PBXShellScriptBuildPhase;
			buildActionMask = 2147483647;
			files = (
			);
			inputFileListPaths = (
			);
			inputPaths = (
				"${PODS_PODFILE_DIR_PATH}/Podfile.lock",
				"${PODS_ROOT}/Manifest.lock",
			);
			name = "[CP] Check Pods Manifest.lock";
			outputFileListPaths = (
			);
			outputPaths = (
				"$(DERIVED_FILE_DIR)/Pods-ParstagramTests-checkManifestLockResult.txt",
			);
			runOnlyForDeploymentPostprocessing = 0;
			shellPath = /bin/sh;
			shellScript = "diff \"${PODS_PODFILE_DIR_PATH}/Podfile.lock\" \"${PODS_ROOT}/Manifest.lock\" > /dev/null\nif [ $? != 0 ] ; then\n    # print error to STDERR\n    echo \"error: The sandbox is not in sync with the Podfile.lock. Run 'pod install' or update your CocoaPods installation.\" >&2\n    exit 1\nfi\n# This output is used by Xcode 'outputs' to avoid re-running this script phase.\necho \"SUCCESS\" > \"${SCRIPT_OUTPUT_FILE_0}\"\n";
			showEnvVarsInLog = 0;
		};
		EE27050B892FF81FC87B6845 /* [CP] Embed Pods Frameworks */ = {
			isa = PBXShellScriptBuildPhase;
			buildActionMask = 2147483647;
			files = (
			);
			inputFileListPaths = (
				"${PODS_ROOT}/Target Support Files/Pods-Parstagram-ParstagramUITests/Pods-Parstagram-ParstagramUITests-frameworks-${CONFIGURATION}-input-files.xcfilelist",
			);
			name = "[CP] Embed Pods Frameworks";
			outputFileListPaths = (
				"${PODS_ROOT}/Target Support Files/Pods-Parstagram-ParstagramUITests/Pods-Parstagram-ParstagramUITests-frameworks-${CONFIGURATION}-output-files.xcfilelist",
			);
			runOnlyForDeploymentPostprocessing = 0;
			shellPath = /bin/sh;
			shellScript = "\"${PODS_ROOT}/Target Support Files/Pods-Parstagram-ParstagramUITests/Pods-Parstagram-ParstagramUITests-frameworks.sh\"\n";
			showEnvVarsInLog = 0;
		};
		F5BC7E3DAA3A0226D23FD002 /* [CP] Check Pods Manifest.lock */ = {
			isa = PBXShellScriptBuildPhase;
			buildActionMask = 2147483647;
			files = (
			);
			inputFileListPaths = (
			);
			inputPaths = (
				"${PODS_PODFILE_DIR_PATH}/Podfile.lock",
				"${PODS_ROOT}/Manifest.lock",
			);
			name = "[CP] Check Pods Manifest.lock";
			outputFileListPaths = (
			);
			outputPaths = (
				"$(DERIVED_FILE_DIR)/Pods-Parstagram-ParstagramUITests-checkManifestLockResult.txt",
			);
			runOnlyForDeploymentPostprocessing = 0;
			shellPath = /bin/sh;
			shellScript = "diff \"${PODS_PODFILE_DIR_PATH}/Podfile.lock\" \"${PODS_ROOT}/Manifest.lock\" > /dev/null\nif [ $? != 0 ] ; then\n    # print error to STDERR\n    echo \"error: The sandbox is not in sync with the Podfile.lock. Run 'pod install' or update your CocoaPods installation.\" >&2\n    exit 1\nfi\n# This output is used by Xcode 'outputs' to avoid re-running this script phase.\necho \"SUCCESS\" > \"${SCRIPT_OUTPUT_FILE_0}\"\n";
			showEnvVarsInLog = 0;
		};
/* End PBXShellScriptBuildPhase section */

/* Begin PBXSourcesBuildPhase section */
		9E321D0C25FB1635002EA409 /* Sources */ = {
			isa = PBXSourcesBuildPhase;
			buildActionMask = 2147483647;
			files = (
				9E321D4A25FB17B7002EA409 /* LoginViewController.swift in Sources */,
				9EE72BEB25FB379100A36C81 /* CameraViewController.swift in Sources */,
				9E321D1425FB1635002EA409 /* AppDelegate.swift in Sources */,
				9E321D4F25FB17C0002EA409 /* FeedViewController.swift in Sources */,
				9E321D1625FB1635002EA409 /* SceneDelegate.swift in Sources */,
				9ED430E225FB41DD00693E03 /* PostTableViewCell.swift in Sources */,
			);
			runOnlyForDeploymentPostprocessing = 0;
		};
		9E321D2225FB1637002EA409 /* Sources */ = {
			isa = PBXSourcesBuildPhase;
			buildActionMask = 2147483647;
			files = (
				9E321D2B25FB1637002EA409 /* ParstagramTests.swift in Sources */,
			);
			runOnlyForDeploymentPostprocessing = 0;
		};
		9E321D2D25FB1637002EA409 /* Sources */ = {
			isa = PBXSourcesBuildPhase;
			buildActionMask = 2147483647;
			files = (
				9E321D3625FB1638002EA409 /* ParstagramUITests.swift in Sources */,
			);
			runOnlyForDeploymentPostprocessing = 0;
		};
/* End PBXSourcesBuildPhase section */

/* Begin PBXTargetDependency section */
		9E321D2825FB1637002EA409 /* PBXTargetDependency */ = {
			isa = PBXTargetDependency;
			target = 9E321D0F25FB1635002EA409 /* Parstagram */;
			targetProxy = 9E321D2725FB1637002EA409 /* PBXContainerItemProxy */;
		};
		9E321D3325FB1637002EA409 /* PBXTargetDependency */ = {
			isa = PBXTargetDependency;
			target = 9E321D0F25FB1635002EA409 /* Parstagram */;
			targetProxy = 9E321D3225FB1637002EA409 /* PBXContainerItemProxy */;
		};
/* End PBXTargetDependency section */

/* Begin PBXVariantGroup section */
		9E321D1925FB1635002EA409 /* Main.storyboard */ = {
			isa = PBXVariantGroup;
			children = (
				9E321D1A25FB1635002EA409 /* Base */,
			);
			name = Main.storyboard;
			sourceTree = "<group>";
		};
		9E321D1E25FB1637002EA409 /* LaunchScreen.storyboard */ = {
			isa = PBXVariantGroup;
			children = (
				9E321D1F25FB1637002EA409 /* Base */,
			);
			name = LaunchScreen.storyboard;
			sourceTree = "<group>";
		};
/* End PBXVariantGroup section */

/* Begin XCBuildConfiguration section */
		9E321D3825FB1638002EA409 /* Debug */ = {
			isa = XCBuildConfiguration;
			buildSettings = {
				ALWAYS_SEARCH_USER_PATHS = NO;
				CLANG_ANALYZER_NONNULL = YES;
				CLANG_ANALYZER_NUMBER_OBJECT_CONVERSION = YES_AGGRESSIVE;
				CLANG_CXX_LANGUAGE_STANDARD = "gnu++14";
				CLANG_CXX_LIBRARY = "libc++";
				CLANG_ENABLE_MODULES = YES;
				CLANG_ENABLE_OBJC_ARC = YES;
				CLANG_ENABLE_OBJC_WEAK = YES;
				CLANG_WARN_BLOCK_CAPTURE_AUTORELEASING = YES;
				CLANG_WARN_BOOL_CONVERSION = YES;
				CLANG_WARN_COMMA = YES;
				CLANG_WARN_CONSTANT_CONVERSION = YES;
				CLANG_WARN_DEPRECATED_OBJC_IMPLEMENTATIONS = YES;
				CLANG_WARN_DIRECT_OBJC_ISA_USAGE = YES_ERROR;
				CLANG_WARN_DOCUMENTATION_COMMENTS = YES;
				CLANG_WARN_EMPTY_BODY = YES;
				CLANG_WARN_ENUM_CONVERSION = YES;
				CLANG_WARN_INFINITE_RECURSION = YES;
				CLANG_WARN_INT_CONVERSION = YES;
				CLANG_WARN_NON_LITERAL_NULL_CONVERSION = YES;
				CLANG_WARN_OBJC_IMPLICIT_RETAIN_SELF = YES;
				CLANG_WARN_OBJC_LITERAL_CONVERSION = YES;
				CLANG_WARN_OBJC_ROOT_CLASS = YES_ERROR;
				CLANG_WARN_QUOTED_INCLUDE_IN_FRAMEWORK_HEADER = YES;
				CLANG_WARN_RANGE_LOOP_ANALYSIS = YES;
				CLANG_WARN_STRICT_PROTOTYPES = YES;
				CLANG_WARN_SUSPICIOUS_MOVE = YES;
				CLANG_WARN_UNGUARDED_AVAILABILITY = YES_AGGRESSIVE;
				CLANG_WARN_UNREACHABLE_CODE = YES;
				CLANG_WARN__DUPLICATE_METHOD_MATCH = YES;
				COPY_PHASE_STRIP = NO;
				DEBUG_INFORMATION_FORMAT = dwarf;
				ENABLE_STRICT_OBJC_MSGSEND = YES;
				ENABLE_TESTABILITY = YES;
				GCC_C_LANGUAGE_STANDARD = gnu11;
				GCC_DYNAMIC_NO_PIC = NO;
				GCC_NO_COMMON_BLOCKS = YES;
				GCC_OPTIMIZATION_LEVEL = 0;
				GCC_PREPROCESSOR_DEFINITIONS = (
					"DEBUG=1",
					"$(inherited)",
				);
				GCC_WARN_64_TO_32_BIT_CONVERSION = YES;
				GCC_WARN_ABOUT_RETURN_TYPE = YES_ERROR;
				GCC_WARN_UNDECLARED_SELECTOR = YES;
				GCC_WARN_UNINITIALIZED_AUTOS = YES_AGGRESSIVE;
				GCC_WARN_UNUSED_FUNCTION = YES;
				GCC_WARN_UNUSED_VARIABLE = YES;
				IPHONEOS_DEPLOYMENT_TARGET = 14.3;
				MTL_ENABLE_DEBUG_INFO = INCLUDE_SOURCE;
				MTL_FAST_MATH = YES;
				ONLY_ACTIVE_ARCH = YES;
				SDKROOT = iphoneos;
				SWIFT_ACTIVE_COMPILATION_CONDITIONS = DEBUG;
				SWIFT_OPTIMIZATION_LEVEL = "-Onone";
			};
			name = Debug;
		};
		9E321D3925FB1638002EA409 /* Release */ = {
			isa = XCBuildConfiguration;
			buildSettings = {
				ALWAYS_SEARCH_USER_PATHS = NO;
				CLANG_ANALYZER_NONNULL = YES;
				CLANG_ANALYZER_NUMBER_OBJECT_CONVERSION = YES_AGGRESSIVE;
				CLANG_CXX_LANGUAGE_STANDARD = "gnu++14";
				CLANG_CXX_LIBRARY = "libc++";
				CLANG_ENABLE_MODULES = YES;
				CLANG_ENABLE_OBJC_ARC = YES;
				CLANG_ENABLE_OBJC_WEAK = YES;
				CLANG_WARN_BLOCK_CAPTURE_AUTORELEASING = YES;
				CLANG_WARN_BOOL_CONVERSION = YES;
				CLANG_WARN_COMMA = YES;
				CLANG_WARN_CONSTANT_CONVERSION = YES;
				CLANG_WARN_DEPRECATED_OBJC_IMPLEMENTATIONS = YES;
				CLANG_WARN_DIRECT_OBJC_ISA_USAGE = YES_ERROR;
				CLANG_WARN_DOCUMENTATION_COMMENTS = YES;
				CLANG_WARN_EMPTY_BODY = YES;
				CLANG_WARN_ENUM_CONVERSION = YES;
				CLANG_WARN_INFINITE_RECURSION = YES;
				CLANG_WARN_INT_CONVERSION = YES;
				CLANG_WARN_NON_LITERAL_NULL_CONVERSION = YES;
				CLANG_WARN_OBJC_IMPLICIT_RETAIN_SELF = YES;
				CLANG_WARN_OBJC_LITERAL_CONVERSION = YES;
				CLANG_WARN_OBJC_ROOT_CLASS = YES_ERROR;
				CLANG_WARN_QUOTED_INCLUDE_IN_FRAMEWORK_HEADER = YES;
				CLANG_WARN_RANGE_LOOP_ANALYSIS = YES;
				CLANG_WARN_STRICT_PROTOTYPES = YES;
				CLANG_WARN_SUSPICIOUS_MOVE = YES;
				CLANG_WARN_UNGUARDED_AVAILABILITY = YES_AGGRESSIVE;
				CLANG_WARN_UNREACHABLE_CODE = YES;
				CLANG_WARN__DUPLICATE_METHOD_MATCH = YES;
				COPY_PHASE_STRIP = NO;
				DEBUG_INFORMATION_FORMAT = "dwarf-with-dsym";
				ENABLE_NS_ASSERTIONS = NO;
				ENABLE_STRICT_OBJC_MSGSEND = YES;
				GCC_C_LANGUAGE_STANDARD = gnu11;
				GCC_NO_COMMON_BLOCKS = YES;
				GCC_WARN_64_TO_32_BIT_CONVERSION = YES;
				GCC_WARN_ABOUT_RETURN_TYPE = YES_ERROR;
				GCC_WARN_UNDECLARED_SELECTOR = YES;
				GCC_WARN_UNINITIALIZED_AUTOS = YES_AGGRESSIVE;
				GCC_WARN_UNUSED_FUNCTION = YES;
				GCC_WARN_UNUSED_VARIABLE = YES;
				IPHONEOS_DEPLOYMENT_TARGET = 14.3;
				MTL_ENABLE_DEBUG_INFO = NO;
				MTL_FAST_MATH = YES;
				SDKROOT = iphoneos;
				SWIFT_COMPILATION_MODE = wholemodule;
				SWIFT_OPTIMIZATION_LEVEL = "-O";
				VALIDATE_PRODUCT = YES;
			};
			name = Release;
		};
		9E321D3B25FB1638002EA409 /* Debug */ = {
			isa = XCBuildConfiguration;
			baseConfigurationReference = D646E935008C575C5F7D0E11 /* Pods-Parstagram.debug.xcconfig */;
			buildSettings = {
				ASSETCATALOG_COMPILER_APPICON_NAME = AppIcon;
				ASSETCATALOG_COMPILER_GLOBAL_ACCENT_COLOR_NAME = AccentColor;
				CODE_SIGN_STYLE = Automatic;
				DEVELOPMENT_TEAM = 5KPKK46BMB;
				INFOPLIST_FILE = Parstagram/Info.plist;
				LD_RUNPATH_SEARCH_PATHS = (
					"$(inherited)",
					"@executable_path/Frameworks",
				);
				PRODUCT_BUNDLE_IDENTIFIER = None.Parstagram;
				PRODUCT_NAME = "$(TARGET_NAME)";
				SWIFT_VERSION = 5.0;
				TARGETED_DEVICE_FAMILY = "1,2";
			};
			name = Debug;
		};
		9E321D3C25FB1638002EA409 /* Release */ = {
			isa = XCBuildConfiguration;
			baseConfigurationReference = AED8AF7B015515AD28EAEA24 /* Pods-Parstagram.release.xcconfig */;
			buildSettings = {
				ASSETCATALOG_COMPILER_APPICON_NAME = AppIcon;
				ASSETCATALOG_COMPILER_GLOBAL_ACCENT_COLOR_NAME = AccentColor;
				CODE_SIGN_STYLE = Automatic;
				DEVELOPMENT_TEAM = 5KPKK46BMB;
				INFOPLIST_FILE = Parstagram/Info.plist;
				LD_RUNPATH_SEARCH_PATHS = (
					"$(inherited)",
					"@executable_path/Frameworks",
				);
				PRODUCT_BUNDLE_IDENTIFIER = None.Parstagram;
				PRODUCT_NAME = "$(TARGET_NAME)";
				SWIFT_VERSION = 5.0;
				TARGETED_DEVICE_FAMILY = "1,2";
			};
			name = Release;
		};
		9E321D3E25FB1638002EA409 /* Debug */ = {
			isa = XCBuildConfiguration;
			baseConfigurationReference = 5E042B71D09F083C03F35CDC /* Pods-ParstagramTests.debug.xcconfig */;
			buildSettings = {
				ALWAYS_EMBED_SWIFT_STANDARD_LIBRARIES = YES;
				BUNDLE_LOADER = "$(TEST_HOST)";
				CODE_SIGN_STYLE = Automatic;
				DEVELOPMENT_TEAM = 5KPKK46BMB;
				INFOPLIST_FILE = ParstagramTests/Info.plist;
				IPHONEOS_DEPLOYMENT_TARGET = 14.3;
				LD_RUNPATH_SEARCH_PATHS = (
					"$(inherited)",
					"@executable_path/Frameworks",
					"@loader_path/Frameworks",
				);
				PRODUCT_BUNDLE_IDENTIFIER = None.ParstagramTests;
				PRODUCT_NAME = "$(TARGET_NAME)";
				SWIFT_VERSION = 5.0;
				TARGETED_DEVICE_FAMILY = "1,2";
				TEST_HOST = "$(BUILT_PRODUCTS_DIR)/Parstagram.app/Parstagram";
			};
			name = Debug;
		};
		9E321D3F25FB1638002EA409 /* Release */ = {
			isa = XCBuildConfiguration;
			baseConfigurationReference = 64FD4B4EDE5578708645E9BA /* Pods-ParstagramTests.release.xcconfig */;
			buildSettings = {
				ALWAYS_EMBED_SWIFT_STANDARD_LIBRARIES = YES;
				BUNDLE_LOADER = "$(TEST_HOST)";
				CODE_SIGN_STYLE = Automatic;
				DEVELOPMENT_TEAM = 5KPKK46BMB;
				INFOPLIST_FILE = ParstagramTests/Info.plist;
				IPHONEOS_DEPLOYMENT_TARGET = 14.3;
				LD_RUNPATH_SEARCH_PATHS = (
					"$(inherited)",
					"@executable_path/Frameworks",
					"@loader_path/Frameworks",
				);
				PRODUCT_BUNDLE_IDENTIFIER = None.ParstagramTests;
				PRODUCT_NAME = "$(TARGET_NAME)";
				SWIFT_VERSION = 5.0;
				TARGETED_DEVICE_FAMILY = "1,2";
				TEST_HOST = "$(BUILT_PRODUCTS_DIR)/Parstagram.app/Parstagram";
			};
			name = Release;
		};
		9E321D4125FB1638002EA409 /* Debug */ = {
			isa = XCBuildConfiguration;
			baseConfigurationReference = 18DFF18CE521E87CFA1F6CC4 /* Pods-Parstagram-ParstagramUITests.debug.xcconfig */;
			buildSettings = {
				ALWAYS_EMBED_SWIFT_STANDARD_LIBRARIES = YES;
				CODE_SIGN_STYLE = Automatic;
				DEVELOPMENT_TEAM = 5KPKK46BMB;
				INFOPLIST_FILE = ParstagramUITests/Info.plist;
				LD_RUNPATH_SEARCH_PATHS = (
					"$(inherited)",
					"@executable_path/Frameworks",
					"@loader_path/Frameworks",
				);
				PRODUCT_BUNDLE_IDENTIFIER = None.ParstagramUITests;
				PRODUCT_NAME = "$(TARGET_NAME)";
				SWIFT_VERSION = 5.0;
				TARGETED_DEVICE_FAMILY = "1,2";
				TEST_TARGET_NAME = Parstagram;
			};
			name = Debug;
		};
		9E321D4225FB1638002EA409 /* Release */ = {
			isa = XCBuildConfiguration;
			baseConfigurationReference = 7F8D6304AAE2A35290672A24 /* Pods-Parstagram-ParstagramUITests.release.xcconfig */;
			buildSettings = {
				ALWAYS_EMBED_SWIFT_STANDARD_LIBRARIES = YES;
				CODE_SIGN_STYLE = Automatic;
				DEVELOPMENT_TEAM = 5KPKK46BMB;
				INFOPLIST_FILE = ParstagramUITests/Info.plist;
				LD_RUNPATH_SEARCH_PATHS = (
					"$(inherited)",
					"@executable_path/Frameworks",
					"@loader_path/Frameworks",
				);
				PRODUCT_BUNDLE_IDENTIFIER = None.ParstagramUITests;
				PRODUCT_NAME = "$(TARGET_NAME)";
				SWIFT_VERSION = 5.0;
				TARGETED_DEVICE_FAMILY = "1,2";
				TEST_TARGET_NAME = Parstagram;
			};
			name = Release;
		};
/* End XCBuildConfiguration section */

/* Begin XCConfigurationList section */
		9E321D0B25FB1635002EA409 /* Build configuration list for PBXProject "Parstagram" */ = {
			isa = XCConfigurationList;
			buildConfigurations = (
				9E321D3825FB1638002EA409 /* Debug */,
				9E321D3925FB1638002EA409 /* Release */,
			);
			defaultConfigurationIsVisible = 0;
			defaultConfigurationName = Release;
		};
		9E321D3A25FB1638002EA409 /* Build configuration list for PBXNativeTarget "Parstagram" */ = {
			isa = XCConfigurationList;
			buildConfigurations = (
				9E321D3B25FB1638002EA409 /* Debug */,
				9E321D3C25FB1638002EA409 /* Release */,
			);
			defaultConfigurationIsVisible = 0;
			defaultConfigurationName = Release;
		};
		9E321D3D25FB1638002EA409 /* Build configuration list for PBXNativeTarget "ParstagramTests" */ = {
			isa = XCConfigurationList;
			buildConfigurations = (
				9E321D3E25FB1638002EA409 /* Debug */,
				9E321D3F25FB1638002EA409 /* Release */,
			);
			defaultConfigurationIsVisible = 0;
			defaultConfigurationName = Release;
		};
		9E321D4025FB1638002EA409 /* Build configuration list for PBXNativeTarget "ParstagramUITests" */ = {
			isa = XCConfigurationList;
			buildConfigurations = (
				9E321D4125FB1638002EA409 /* Debug */,
				9E321D4225FB1638002EA409 /* Release */,
			);
			defaultConfigurationIsVisible = 0;
			defaultConfigurationName = Release;
		};
/* End XCConfigurationList section */
	};
	rootObject = 9E321D0825FB1635002EA409 /* Project object */;
}
